
Microsoft Visual Studio Solution File, Format Version 12.00
# Visual Studio 2013
VisualStudioVersion = 12.0.40629.0
MinimumVisualStudioVersion = 10.0.40219.1
Project("{FAE04EC0-301F-11D3-BF4B-00C04F79EFBC}") = "Myapp1", "Myapp1\Myapp1.csproj", "{B2796044-5589-4737-ACCF-207C7ECAE3C1}"
EndProject
Project("{FAE04EC0-301F-11D3-BF4B-00C04F79EFBC}") = "ClassLibrary1", "ClassLibrary1\ClassLibrary1.csproj", "{14964C7A-53CB-42A5-9001-90EACF173451}"
EndProject
Global
	GlobalSection(SolutionConfigurationPlatforms) = preSolution
		Debug|Any CPU = Debug|Any CPU
		Release|Any CPU = Release|Any CPU
	EndGlobalSection
	GlobalSection(ProjectConfigurationPlatforms) = postSolution
		{B2796044-5589-4737-ACCF-207C7ECAE3C1}.Debug|Any CPU.ActiveCfg = Debug|Any CPU
		{B2796044-5589-4737-ACCF-207C7ECAE3C1}.Debug|Any CPU.Build.0 = Debug|Any CPU
		{B2796044-5589-4737-ACCF-207C7ECAE3C1}.Release|Any CPU.ActiveCfg = Release|Any CPU
		{B2796044-5589-4737-ACCF-207C7ECAE3C1}.Release|Any CPU.Build.0 = Release|Any CPU
		{14964C7A-53CB-42A5-9001-90EACF173451}.Debug|Any CPU.ActiveCfg = Debug|Any CPU
		{14964C7A-53CB-42A5-9001-90EACF173451}.Debug|Any CPU.Build.0 = Debug|Any CPU
		{14964C7A-53CB-42A5-9001-90EACF173451}.Release|Any CPU.ActiveCfg = Release|Any CPU
		{14964C7A-53CB-42A5-9001-90EACF173451}.Release|Any CPU.Build.0 = Release|Any CPU
	EndGlobalSection
	GlobalSection(SolutionProperties) = preSolution
		HideSolutionNode = FALSE
	EndGlobalSection
EndGlobal
